
Microsoft Visual Studio Solution File, Format Version 12.00
# Visual Studio Version 17
VisualStudioVersion = 17.9.34701.34
MinimumVisualStudioVersion = 10.0.40219.1
Project("{FAE04EC0-301F-11D3-BF4B-00C04F79EFBC}") = "Verseny", "Verseny\Verseny.csproj", "{DAB1045C-3E8C-4BB9-B1A0-7BE49BB7A176}"
EndProject
Global
	GlobalSection(SolutionConfigurationPlatforms) = preSolution
		Debug|Any CPU = Debug|Any CPU
		Release|Any CPU = Release|Any CPU
	EndGlobalSection
	GlobalSection(ProjectConfigurationPlatforms) = postSolution
		{DAB1045C-3E8C-4BB9-B1A0-7BE49BB7A176}.Debug|Any CPU.ActiveCfg = Debug|Any CPU
		{DAB1045C-3E8C-4BB9-B1A0-7BE49BB7A176}.Debug|Any CPU.Build.0 = Debug|Any CPU
		{DAB1045C-3E8C-4BB9-B1A0-7BE49BB7A176}.Release|Any CPU.ActiveCfg = Release|Any CPU
		{DAB1045C-3E8C-4BB9-B1A0-7BE49BB7A176}.Release|Any CPU.Build.0 = Release|Any CPU
	EndGlobalSection
	GlobalSection(SolutionProperties) = preSolution
		HideSolutionNode = FALSE
	EndGlobalSection
	GlobalSection(ExtensibilityGlobals) = postSolution
		SolutionGuid = {97692636-E571-4A68-ABF6-A37F4D4A8E0C}
	EndGlobalSection
EndGlobal
